{
  "sha": "2ac6f81736aae7c6c50a55fe1eb92e2576f94b54",
  "sources": {
    "orientdb": {
      "path": "."
    },
    "java": {
      "locked_version": "1.12.0"
    },
    "windows": {
      "locked_version": "1.10.0"
    },
    "chef_handler": {
      "locked_version": "1.1.4"
    },
    "apt": {
      "locked_version": "1.10.0"
    }
  }
}
