{
  "sha": "b4028b83bd4e4dda48ac6daa7e0553085c98c3f6",
  "sources": {
    "orientdb": {
      "path": "."
    },
    "java": {
      "locked_version": "1.12.0"
    },
    "windows": {
      "locked_version": "1.10.0"
    },
    "chef_handler": {
      "locked_version": "1.1.4"
    },
    "apt": {
      "locked_version": "1.10.0"
    }
  }
}
